
Microsoft Visual Studio Solution File, Format Version 12.00
# Visual Studio Version 17
VisualStudioVersion = 17.2.32602.215
MinimumVisualStudioVersion = 10.0.40219.1
Project("{FAE04EC0-301F-11D3-BF4B-00C04F79EFBC}") = "SoundCloundMusic", "SoundCloundMusic\SoundCloundMusic.csproj", "{DA770F94-3CBC-46A9-A839-05DDB57E6960}"
EndProject
Global
	GlobalSection(SolutionConfigurationPlatforms) = preSolution
		Debug|Any CPU = Debug|Any CPU
		Release|Any CPU = Release|Any CPU
	EndGlobalSection
	GlobalSection(ProjectConfigurationPlatforms) = postSolution
		{DA770F94-3CBC-46A9-A839-05DDB57E6960}.Debug|Any CPU.ActiveCfg = Debug|Any CPU
		{DA770F94-3CBC-46A9-A839-05DDB57E6960}.Debug|Any CPU.Build.0 = Debug|Any CPU
		{DA770F94-3CBC-46A9-A839-05DDB57E6960}.Release|Any CPU.ActiveCfg = Release|Any CPU
		{DA770F94-3CBC-46A9-A839-05DDB57E6960}.Release|Any CPU.Build.0 = Release|Any CPU
	EndGlobalSection
	GlobalSection(SolutionProperties) = preSolution
		HideSolutionNode = FALSE
	EndGlobalSection
	GlobalSection(ExtensibilityGlobals) = postSolution
		SolutionGuid = {E49451C7-6BAB-43BD-BDF8-B468AA059EE4}
	EndGlobalSection
EndGlobal
